
Microsoft Visual Studio Solution File, Format Version 12.00
# Visual Studio 15
VisualStudioVersion = 15.0.28307.572
MinimumVisualStudioVersion = 10.0.40219.1
Project("{FAE04EC0-301F-11D3-BF4B-00C04F79EFBC}") = "MyAccountForMaximFursenko", "MyAccountForMaximFursenko\MyAccountForMaximFursenko.csproj", "{0E39D3D8-1045-40EB-8B65-4E881B19F61E}"
EndProject
Global
	GlobalSection(SolutionConfigurationPlatforms) = preSolution
		Debug|Any CPU = Debug|Any CPU
		Release|Any CPU = Release|Any CPU
	EndGlobalSection
	GlobalSection(ProjectConfigurationPlatforms) = postSolution
		{0E39D3D8-1045-40EB-8B65-4E881B19F61E}.Debug|Any CPU.ActiveCfg = Debug|Any CPU
		{0E39D3D8-1045-40EB-8B65-4E881B19F61E}.Debug|Any CPU.Build.0 = Debug|Any CPU
		{0E39D3D8-1045-40EB-8B65-4E881B19F61E}.Release|Any CPU.ActiveCfg = Release|Any CPU
		{0E39D3D8-1045-40EB-8B65-4E881B19F61E}.Release|Any CPU.Build.0 = Release|Any CPU
	EndGlobalSection
	GlobalSection(SolutionProperties) = preSolution
		HideSolutionNode = FALSE
	EndGlobalSection
	GlobalSection(ExtensibilityGlobals) = postSolution
		SolutionGuid = {30117A39-0E24-4B1F-B038-6FD6B944B433}
	EndGlobalSection
EndGlobal
